<?xml version="1.0" encoding="UTF-8"?>
<Scheme
   version = "1.3">
   <BuildAction>
      <BuildActionEntries>
         <BuildActionEntry
            buildForRunning = "YES">
            <BuildableReference
               BuildableIdentifier = "primary"
               BlueprintIdentifier = "2EF0E9FD25CFE11B00717D61"
               BuildableName = "LearnUnittests.app"
               BlueprintName = "LearnUnittests"
               ReferencedContainer = "container:LearnUnittests.xcodeproj">
            </BuildableReference>
         </BuildActionEntry>
      </BuildActionEntries>
   </BuildAction>
   <LaunchAction
      useCustomWorkingDirectory = "NO"
      buildConfiguration = "Debug"
      allowLocationSimulation = "YES">
      <BuildableProductRunnable>
         <BuildableReference
            BuildableIdentifier = "primary"
            BlueprintIdentifier = "2EF0E9FD25CFE11B00717D61"
            BuildableName = "LearnUnittests.app"
            BlueprintName = "LearnUnittests"
            ReferencedContainer = "container:LearnUnittests.xcodeproj">
         </BuildableReference>
      </BuildableProductRunnable>
   </LaunchAction>
</Scheme>
